
Microsoft Visual Studio Solution File, Format Version 12.00
# Visual Studio 15
VisualStudioVersion = 15.0.27703.2047
MinimumVisualStudioVersion = 10.0.40219.1
Project("{FAE04EC0-301F-11D3-BF4B-00C04F79EFBC}") = "24-DosVectoresElTerceroIgualAlMenor", "24-DosVectoresElTerceroIgualAlMenor\24-DosVectoresElTerceroIgualAlMenor.csproj", "{DD72FCF8-D732-4A07-940D-9FCEEC82B4E2}"
EndProject
Global
	GlobalSection(SolutionConfigurationPlatforms) = preSolution
		Debug|Any CPU = Debug|Any CPU
		Release|Any CPU = Release|Any CPU
	EndGlobalSection
	GlobalSection(ProjectConfigurationPlatforms) = postSolution
		{DD72FCF8-D732-4A07-940D-9FCEEC82B4E2}.Debug|Any CPU.ActiveCfg = Debug|Any CPU
		{DD72FCF8-D732-4A07-940D-9FCEEC82B4E2}.Debug|Any CPU.Build.0 = Debug|Any CPU
		{DD72FCF8-D732-4A07-940D-9FCEEC82B4E2}.Release|Any CPU.ActiveCfg = Release|Any CPU
		{DD72FCF8-D732-4A07-940D-9FCEEC82B4E2}.Release|Any CPU.Build.0 = Release|Any CPU
	EndGlobalSection
	GlobalSection(SolutionProperties) = preSolution
		HideSolutionNode = FALSE
	EndGlobalSection
	GlobalSection(ExtensibilityGlobals) = postSolution
		SolutionGuid = {E93B3E9A-7244-49ED-B9AD-6B19B62799A9}
	EndGlobalSection
EndGlobal
